
Microsoft Visual Studio Solution File, Format Version 12.00
# Visual Studio Version 17
VisualStudioVersion = 17.3.32922.545
MinimumVisualStudioVersion = 10.0.40219.1
Project("{FAE04EC0-301F-11D3-BF4B-00C04F79EFBC}") = "Tour Operator", "Tour Operator\Tour Operator.csproj", "{D7D459C5-8BE8-4D3E-9253-5B5AAA87AF6E}"
EndProject
Global
	GlobalSection(SolutionConfigurationPlatforms) = preSolution
		Debug|Any CPU = Debug|Any CPU
		Release|Any CPU = Release|Any CPU
	EndGlobalSection
	GlobalSection(ProjectConfigurationPlatforms) = postSolution
		{D7D459C5-8BE8-4D3E-9253-5B5AAA87AF6E}.Debug|Any CPU.ActiveCfg = Debug|Any CPU
		{D7D459C5-8BE8-4D3E-9253-5B5AAA87AF6E}.Debug|Any CPU.Build.0 = Debug|Any CPU
		{D7D459C5-8BE8-4D3E-9253-5B5AAA87AF6E}.Release|Any CPU.ActiveCfg = Release|Any CPU
		{D7D459C5-8BE8-4D3E-9253-5B5AAA87AF6E}.Release|Any CPU.Build.0 = Release|Any CPU
	EndGlobalSection
	GlobalSection(SolutionProperties) = preSolution
		HideSolutionNode = FALSE
	EndGlobalSection
	GlobalSection(ExtensibilityGlobals) = postSolution
		SolutionGuid = {FD82B37E-4300-4EFE-8F51-D0DB24541624}
	EndGlobalSection
EndGlobal
